
Microsoft Visual Studio Solution File, Format Version 12.00
# Visual Studio Version 16
VisualStudioVersion = 16.0.29613.14
MinimumVisualStudioVersion = 10.0.40219.1
Project("{FAE04EC0-301F-11D3-BF4B-00C04F79EFBC}") = "Jod_1-2", "Jod_1-2\Jod_1-2.csproj", "{AAF7E88F-3049-4E3E-A90F-8FFCF1AED87E}"
EndProject
Project("{FAE04EC0-301F-11D3-BF4B-00C04F79EFBC}") = "Job_3", "Job_3\Job_3.csproj", "{BA2D149C-140E-4989-AD1E-1D56B89C8996}"
EndProject
Project("{FAE04EC0-301F-11D3-BF4B-00C04F79EFBC}") = "job_4", "job_4\job_4.csproj", "{7E88A2DF-79D1-447C-9CD1-944F3F7C5B9C}"
EndProject
Global
	GlobalSection(SolutionConfigurationPlatforms) = preSolution
		Debug|Any CPU = Debug|Any CPU
		Release|Any CPU = Release|Any CPU
	EndGlobalSection
	GlobalSection(ProjectConfigurationPlatforms) = postSolution
		{AAF7E88F-3049-4E3E-A90F-8FFCF1AED87E}.Debug|Any CPU.ActiveCfg = Debug|Any CPU
		{AAF7E88F-3049-4E3E-A90F-8FFCF1AED87E}.Debug|Any CPU.Build.0 = Debug|Any CPU
		{AAF7E88F-3049-4E3E-A90F-8FFCF1AED87E}.Release|Any CPU.ActiveCfg = Release|Any CPU
		{AAF7E88F-3049-4E3E-A90F-8FFCF1AED87E}.Release|Any CPU.Build.0 = Release|Any CPU
		{BA2D149C-140E-4989-AD1E-1D56B89C8996}.Debug|Any CPU.ActiveCfg = Debug|Any CPU
		{BA2D149C-140E-4989-AD1E-1D56B89C8996}.Debug|Any CPU.Build.0 = Debug|Any CPU
		{BA2D149C-140E-4989-AD1E-1D56B89C8996}.Release|Any CPU.ActiveCfg = Release|Any CPU
		{BA2D149C-140E-4989-AD1E-1D56B89C8996}.Release|Any CPU.Build.0 = Release|Any CPU
		{7E88A2DF-79D1-447C-9CD1-944F3F7C5B9C}.Debug|Any CPU.ActiveCfg = Debug|Any CPU
		{7E88A2DF-79D1-447C-9CD1-944F3F7C5B9C}.Debug|Any CPU.Build.0 = Debug|Any CPU
		{7E88A2DF-79D1-447C-9CD1-944F3F7C5B9C}.Release|Any CPU.ActiveCfg = Release|Any CPU
		{7E88A2DF-79D1-447C-9CD1-944F3F7C5B9C}.Release|Any CPU.Build.0 = Release|Any CPU
	EndGlobalSection
	GlobalSection(SolutionProperties) = preSolution
		HideSolutionNode = FALSE
	EndGlobalSection
	GlobalSection(ExtensibilityGlobals) = postSolution
		SolutionGuid = {44371460-3237-4395-997C-9054DB9FDC8D}
	EndGlobalSection
EndGlobal
